<?xml version="1.0" encoding="utf-8"?>
<Project ToolsVersion="4.0" xmlns="http://schemas.microsoft.com/developer/msbuild/2003">
  <ItemGroup>
    <Filter Include="ソース ファイル">
      <UniqueIdentifier>{4FC737F1-C7A5-4376-A066-2A32D752A2FF}</UniqueIdentifier>
      <Extensions>cpp;c;cc;cxx;def;odl;idl;hpj;bat;asm;asmx</Extensions>
    </Filter>
    <Filter Include="ヘッダー ファイル">
      <UniqueIdentifier>{93995380-89BD-4b04-88EB-625FBE52EBFB}</UniqueIdentifier>
      <Extensions>h;hh;hpp;hxx;hm;inl;inc;ipp;xsd</Extensions>
    </Filter>
    <Filter Include="リソース ファイル">
      <UniqueIdentifier>{67DA6AB6-F800-4c08-8B7A-83BB121AAD01}</UniqueIdentifier>
      <Extensions>rc;ico;cur;bmp;dlg;rc2;rct;bin;rgs;gif;jpg;jpeg;jpe;resx;tiff;tif;png;wav;mfcribbon-ms</Extensions>
    </Filter>
    <Filter Include="Other">
      <UniqueIdentifier>{7de61b32-12d6-47ef-a423-439eec9fe5bd}</UniqueIdentifier>
    </Filter>
    <Filter Include="DirectX">
      <UniqueIdentifier>{aef8d760-c365-42e2-8140-cad5ab19a7a9}</UniqueIdentifier>
    </Filter>
    <Filter Include="Windows">
      <UniqueIdentifier>{b91884e0-a280-4a20-b22b-d05ec9dc1ef7}</UniqueIdentifier>
    </Filter>
    <Filter Include="System">
      <UniqueIdentifier>{e8cfe7ae-f1cf-43f4-9e6f-33a4220ce2e1}</UniqueIdentifier>
    </Filter>
    <Filter Include="Actor">
      <UniqueIdentifier>{352823fb-6265-4e66-81a8-a68f2ff158de}</UniqueIdentifier>
    </Filter>
    <Filter Include="Struct">
      <UniqueIdentifier>{bd49e521-ad4b-4aa6-9951-387fb8c7bbd5}</UniqueIdentifier>
    </Filter>
    <Filter Include="Library">
      <UniqueIdentifier>{8f094c29-99de-4db2-aa9c-396f46251155}</UniqueIdentifier>
    </Filter>
    <Filter Include="Library\ImGUI">
      <UniqueIdentifier>{1f7a3dcb-c9b1-4dba-9760-dccfcbf37d3f}</UniqueIdentifier>
    </Filter>
  </ItemGroup>
  <ItemGroup>
    <ClCompile Include="Src\Utility.cpp">
      <Filter>Other</Filter>
    </ClCompile>
    <ClCompile Include="Src\CommandAllocator.cpp">
      <Filter>DirectX</Filter>
    </ClCompile>
    <ClCompile Include="Src\CommandList.cpp">
      <Filter>DirectX</Filter>
    </ClCompile>
    <ClCompile Include="Src\DirectX12.cpp">
      <Filter>DirectX</Filter>
    </ClCompile>
    <ClCompile Include="Src\CommandQueue.cpp">
      <Filter>DirectX</Filter>
    </ClCompile>
    <ClCompile Include="Src\ResourceBarrier.cpp">
      <Filter>DirectX</Filter>
    </ClCompile>
    <ClCompile Include="Src\FenceObj.cpp">
      <Filter>DirectX</Filter>
    </ClCompile>
    <ClCompile Include="Src\Window.cpp">
      <Filter>Windows</Filter>
    </ClCompile>
    <ClCompile Include="Src\WinMain.cpp">
      <Filter>Windows</Filter>
    </ClCompile>
    <ClCompile Include="Src\GameTime.cpp">
      <Filter>System</Filter>
    </ClCompile>
    <ClCompile Include="Src\TimeCheck.cpp">
      <Filter>System</Filter>
    </ClCompile>
    <ClCompile Include="Src\Game.cpp">
      <Filter>System</Filter>
    </ClCompile>
    <ClCompile Include="Src\DXWindow.cpp">
      <Filter>System</Filter>
    </ClCompile>
    <ClCompile Include="Src\Behavior.cpp">
      <Filter>Actor</Filter>
    </ClCompile>
    <ClCompile Include="Src\DrawPipeline.cpp">
      <Filter>System</Filter>
    </ClCompile>
    <ClCompile Include="Src\SwapChain.cpp">
      <Filter>DirectX</Filter>
    </ClCompile>
    <ClCompile Include="Src\DescriptorBase.cpp">
      <Filter>DirectX</Filter>
    </ClCompile>
    <ClCompile Include="Src\DepthStencilView.cpp">
      <Filter>DirectX</Filter>
    </ClCompile>
    <ClCompile Include="Src\CommandSystem.cpp">
      <Filter>System</Filter>
    </ClCompile>
    <ClCompile Include="Src\CommandObject.cpp">
      <Filter>DirectX</Filter>
    </ClCompile>
    <ClCompile Include="Src\DescHandleStep.cpp">
      <Filter>Other</Filter>
    </ClCompile>
    <ClCompile Include="Src\ImGUIManager.cpp">
      <Filter>Library\ImGUI</Filter>
    </ClCompile>
    <ClCompile Include="Src\ImGUI\imgui_demo.cpp">
      <Filter>Library\ImGUI</Filter>
    </ClCompile>
    <ClCompile Include="Src\ImGUI\imgui_draw.cpp">
      <Filter>Library\ImGUI</Filter>
    </ClCompile>
    <ClCompile Include="Src\ImGUI\imgui_impl_dx12.cpp">
      <Filter>Library\ImGUI</Filter>
    </ClCompile>
    <ClCompile Include="Src\ImGUI\imgui_widgets.cpp">
      <Filter>Library\ImGUI</Filter>
    </ClCompile>
    <ClCompile Include="Src\ImGUI\imgui.cpp">
      <Filter>Library\ImGUI</Filter>
    </ClCompile>
    <ClCompile Include="Src\ImGUI\imgui_impl_win32.cpp">
      <Filter>Library\ImGUI</Filter>
    </ClCompile>
    <ClCompile Include="Src\PSOManager.cpp">
      <Filter>DirectX</Filter>
    </ClCompile>
    <ClCompile Include="Src\PipelineStateObj.cpp">
      <Filter>DirectX</Filter>
    </ClCompile>
    <ClCompile Include="Src\ShaderByte.cpp">
      <Filter>DirectX</Filter>
    </ClCompile>
    <ClCompile Include="Src\RootSignature.cpp">
      <Filter>DirectX</Filter>
    </ClCompile>
    <ClCompile Include="Src\RenderingFramework.cpp">
      <Filter>System</Filter>
    </ClCompile>
  </ItemGroup>
  <ItemGroup>
    <ClInclude Include="Src\Utility.h">
      <Filter>Other</Filter>
    </ClInclude>
    <ClInclude Include="Src\CommandAllocator.h">
      <Filter>DirectX</Filter>
    </ClInclude>
    <ClInclude Include="Src\CommandList.h">
      <Filter>DirectX</Filter>
    </ClInclude>
    <ClInclude Include="Src\CommandQueue.h">
      <Filter>DirectX</Filter>
    </ClInclude>
    <ClInclude Include="Src\DirectX12.h">
      <Filter>DirectX</Filter>
    </ClInclude>
    <ClInclude Include="Src\ResourceBarrier.h">
      <Filter>DirectX</Filter>
    </ClInclude>
    <ClInclude Include="Src\FenceObj.h">
      <Filter>DirectX</Filter>
    </ClInclude>
    <ClInclude Include="Src\Window.h">
      <Filter>Windows</Filter>
    </ClInclude>
    <ClInclude Include="Src\WindProc.h">
      <Filter>Windows</Filter>
    </ClInclude>
    <ClInclude Include="Src\TimeCheck.h">
      <Filter>System</Filter>
    </ClInclude>
    <ClInclude Include="Src\SystemParameters.h">
      <Filter>System</Filter>
    </ClInclude>
    <ClInclude Include="Src\Render.h">
      <Filter>System</Filter>
    </ClInclude>
    <ClInclude Include="Src\Main.h">
      <Filter>System</Filter>
    </ClInclude>
    <ClInclude Include="Src\GameTime.h">
      <Filter>System</Filter>
    </ClInclude>
    <ClInclude Include="Src\Game.h">
      <Filter>System</Filter>
    </ClInclude>
    <ClInclude Include="Src\DXWindow.h">
      <Filter>System</Filter>
    </ClInclude>
    <ClInclude Include="Src\DXMath.h">
      <Filter>System</Filter>
    </ClInclude>
    <ClInclude Include="Src\Behavior.h">
      <Filter>Actor</Filter>
    </ClInclude>
    <ClInclude Include="Src\DrawPipeline.h">
      <Filter>System</Filter>
    </ClInclude>
    <ClInclude Include="Src\SwapChain.h">
      <Filter>DirectX</Filter>
    </ClInclude>
    <ClInclude Include="Src\DescriptorBase.h">
      <Filter>DirectX</Filter>
    </ClInclude>
    <ClInclude Include="Src\DepthStencilView.h">
      <Filter>DirectX</Filter>
    </ClInclude>
    <ClInclude Include="Src\CommandSystem.h">
      <Filter>System</Filter>
    </ClInclude>
    <ClInclude Include="Src\CommandObject.h">
      <Filter>DirectX</Filter>
    </ClInclude>
    <ClInclude Include="Src\WindowBuuferStruct.h">
      <Filter>Struct</Filter>
    </ClInclude>
    <ClInclude Include="Src\DescHandleStep.h">
      <Filter>Other</Filter>
    </ClInclude>
    <ClInclude Include="Src\ImGUIManager.h">
      <Filter>Library\ImGUI</Filter>
    </ClInclude>
    <ClInclude Include="Src\ImGUI\imgui.h">
      <Filter>Library\ImGUI</Filter>
    </ClInclude>
    <ClInclude Include="Src\ImGUI\imgui_impl_dx12.h">
      <Filter>Library\ImGUI</Filter>
    </ClInclude>
    <ClInclude Include="Src\ImGUI\imgui_internal.h">
      <Filter>Library\ImGUI</Filter>
    </ClInclude>
    <ClInclude Include="Src\ImGUI\imstb_rectpack.h">
      <Filter>Library\ImGUI</Filter>
    </ClInclude>
    <ClInclude Include="Src\ImGUI\imstb_textedit.h">
      <Filter>Library\ImGUI</Filter>
    </ClInclude>
    <ClInclude Include="Src\ImGUI\imstb_truetype.h">
      <Filter>Library\ImGUI</Filter>
    </ClInclude>
    <ClInclude Include="Src\ImGUI\stb_rect_pack.h">
      <Filter>Library\ImGUI</Filter>
    </ClInclude>
    <ClInclude Include="Src\ImGUI\stb_textedit.h">
      <Filter>Library\ImGUI</Filter>
    </ClInclude>
    <ClInclude Include="Src\ImGUI\stb_truetype.h">
      <Filter>Library\ImGUI</Filter>
    </ClInclude>
    <ClInclude Include="Src\ImGUI\imconfig.h">
      <Filter>Library\ImGUI</Filter>
    </ClInclude>
    <ClInclude Include="Src\ImGUI\imgui_impl_win32.h">
      <Filter>Library\ImGUI</Filter>
    </ClInclude>
    <ClInclude Include="Src\PSOManager.h">
      <Filter>DirectX</Filter>
    </ClInclude>
    <ClInclude Include="Src\PipelineStateObj.h">
      <Filter>DirectX</Filter>
    </ClInclude>
    <ClInclude Include="Src\InputLayout.h">
      <Filter>DirectX</Filter>
    </ClInclude>
    <ClInclude Include="Src\ShaderByte.h">
      <Filter>DirectX</Filter>
    </ClInclude>
    <ClInclude Include="Src\RootSignature.h">
      <Filter>DirectX</Filter>
    </ClInclude>
    <ClInclude Include="Src\RenderingFramework.h">
      <Filter>System</Filter>
    </ClInclude>
  </ItemGroup>
</Project>